<?xml version="1.0" encoding="utf-8"?>
<Project ToolsVersion="4.0" xmlns="http://schemas.microsoft.com/developer/msbuild/2003">
  <ItemGroup>
    <ClCompile Include="intel_driver.cpp" />
    <ClCompile Include="kdmapper.cpp" />
    <ClCompile Include="main.cpp" />
    <ClCompile Include="portable_executable.cpp" />
    <ClCompile Include="service.cpp" />
    <ClCompile Include="utils.cpp" />
    <ClCompile Include="AntiDBG.cpp" />
    <ClCompile Include="AntiVM\AntiVM.cpp" />
    <ClCompile Include="AntiVM\Devices.cpp" />
    <ClCompile Include="AntiVM\DLLCheck.cpp" />
    <ClCompile Include="AntiVM\Drivers.cpp" />
    <ClCompile Include="AntiVM\Power.cpp" />
    <ClCompile Include="AntiVM\Provider.cpp" />
    <ClCompile Include="AntiVM\TimeCheck.cpp" />
    <ClCompile Include="driver.cpp" />
    <ClCompile Include="LatteModHandler.cpp" />
  </ItemGroup>
  <ItemGroup>
    <ClInclude Include="utils.hpp" />
    <ClInclude Include="intel_driver.hpp" />
    <ClInclude Include="intel_driver_resource.hpp" />
    <ClInclude Include="kdmapper.hpp" />
    <ClInclude Include="nt.hpp" />
    <ClInclude Include="portable_executable.hpp" />
    <ClInclude Include="service.hpp" />
    <ClInclude Include="skStr.h" />
    <ClInclude Include="json.hpp" />
    <ClInclude Include="auth.hpp" />
    <ClInclude Include="antidbg.h" />
    <ClInclude Include="AntiVM\AntiVM.h" />
    <ClInclude Include="AntiVM\Devices.h" />
    <ClInclude Include="AntiVM\DLLCheck.h" />
    <ClInclude Include="AntiVM\Drivers.h" />
    <ClInclude Include="AntiVM\Power.h" />
    <ClInclude Include="AntiVM\Provider.h" />
    <ClInclude Include="AntiVM\TimeCheck.h" />
    <ClInclude Include="injector.hpp" />
    <ClInclude Include="driver.hpp" />
    <ClInclude Include="server_shared.h" />
    <ClInclude Include="utils.h" />
    <ClInclude Include="definitions.h" />
    <ClInclude Include="xor.h" />
    <ClInclude Include="LatteModHandler.h" />
    <ClInclude Include="main.h" />
    <ClInclude Include="enc_driver.h" />
  </ItemGroup>
  <ItemGroup>
    <Library Include="library_x64.lib" />
  </ItemGroup>
  <ItemGroup>
    <CustomBuild Include="AntiDBG.asm" />
  </ItemGroup>
</Project>